
Microsoft Visual Studio Solution File, Format Version 12.00
# Visual Studio Version 16
VisualStudioVersion = 16.0.30128.74
MinimumVisualStudioVersion = 10.0.40219.1
Project("{9A19103F-16F7-4668-BE54-9A1E7A4F7556}") = "ABCo.ABSave", "ABCo.ABSave\ABCo.ABSave.csproj", "{40D404AE-28E3-400E-B12A-FF636067A7EB}"
EndProject
Project("{9A19103F-16F7-4668-BE54-9A1E7A4F7556}") = "ABCo.ABSave.TestConsole", "tests\ABCo.ABSave.TestConsole\ABCo.ABSave.TestConsole.csproj", "{2E621347-F176-47C5-A640-ACB63995C6BD}"
EndProject
Project("{9A19103F-16F7-4668-BE54-9A1E7A4F7556}") = "ABCo.ABSave.UnitTests", "tests\ABCo.ABSave.UnitTests\ABCo.ABSave.UnitTests.csproj", "{1C56F345-BCE7-464B-A214-B1FE772F0175}"
EndProject
Project("{9A19103F-16F7-4668-BE54-9A1E7A4F7556}") = "ABCo.ABSave.TestOtherAssembly", "tests\ABCo.ABSave.TestOtherAssembly\ABCo.ABSave.TestOtherAssembly.csproj", "{7ACAB98A-9D35-4035-B537-943129C46BC9}"
EndProject
Global
	GlobalSection(SolutionConfigurationPlatforms) = preSolution
		Debug|Any CPU = Debug|Any CPU
		Debug|x64 = Debug|x64
		Debug|x86 = Debug|x86
		Release|Any CPU = Release|Any CPU
		Release|x64 = Release|x64
		Release|x86 = Release|x86
	EndGlobalSection
	GlobalSection(ProjectConfigurationPlatforms) = postSolution
		{40D404AE-28E3-400E-B12A-FF636067A7EB}.Debug|Any CPU.ActiveCfg = Debug|Any CPU
		{40D404AE-28E3-400E-B12A-FF636067A7EB}.Debug|Any CPU.Build.0 = Debug|Any CPU
		{40D404AE-28E3-400E-B12A-FF636067A7EB}.Debug|x64.ActiveCfg = Debug|x64
		{40D404AE-28E3-400E-B12A-FF636067A7EB}.Debug|x64.Build.0 = Debug|x64
		{40D404AE-28E3-400E-B12A-FF636067A7EB}.Debug|x86.ActiveCfg = Debug|x86
		{40D404AE-28E3-400E-B12A-FF636067A7EB}.Debug|x86.Build.0 = Debug|x86
		{40D404AE-28E3-400E-B12A-FF636067A7EB}.Release|Any CPU.ActiveCfg = Release|Any CPU
		{40D404AE-28E3-400E-B12A-FF636067A7EB}.Release|Any CPU.Build.0 = Release|Any CPU
		{40D404AE-28E3-400E-B12A-FF636067A7EB}.Release|x64.ActiveCfg = Release|x64
		{40D404AE-28E3-400E-B12A-FF636067A7EB}.Release|x64.Build.0 = Release|x64
		{40D404AE-28E3-400E-B12A-FF636067A7EB}.Release|x86.ActiveCfg = Release|Any CPU
		{40D404AE-28E3-400E-B12A-FF636067A7EB}.Release|x86.Build.0 = Release|Any CPU
		{2E621347-F176-47C5-A640-ACB63995C6BD}.Debug|Any CPU.ActiveCfg = Debug|Any CPU
		{2E621347-F176-47C5-A640-ACB63995C6BD}.Debug|Any CPU.Build.0 = Debug|Any CPU
		{2E621347-F176-47C5-A640-ACB63995C6BD}.Debug|x64.ActiveCfg = Debug|x64
		{2E621347-F176-47C5-A640-ACB63995C6BD}.Debug|x64.Build.0 = Debug|x64
		{2E621347-F176-47C5-A640-ACB63995C6BD}.Debug|x86.ActiveCfg = Debug|x86
		{2E621347-F176-47C5-A640-ACB63995C6BD}.Debug|x86.Build.0 = Debug|x86
		{2E621347-F176-47C5-A640-ACB63995C6BD}.Release|Any CPU.ActiveCfg = Release|Any CPU
		{2E621347-F176-47C5-A640-ACB63995C6BD}.Release|Any CPU.Build.0 = Release|Any CPU
		{2E621347-F176-47C5-A640-ACB63995C6BD}.Release|x64.ActiveCfg = Release|x64
		{2E621347-F176-47C5-A640-ACB63995C6BD}.Release|x64.Build.0 = Release|x64
		{2E621347-F176-47C5-A640-ACB63995C6BD}.Release|x86.ActiveCfg = Release|x86
		{2E621347-F176-47C5-A640-ACB63995C6BD}.Release|x86.Build.0 = Release|x86
		{1C56F345-BCE7-464B-A214-B1FE772F0175}.Debug|Any CPU.ActiveCfg = Debug|Any CPU
		{1C56F345-BCE7-464B-A214-B1FE772F0175}.Debug|Any CPU.Build.0 = Debug|Any CPU
		{1C56F345-BCE7-464B-A214-B1FE772F0175}.Debug|x64.ActiveCfg = Debug|x64
		{1C56F345-BCE7-464B-A214-B1FE772F0175}.Debug|x64.Build.0 = Debug|x64
		{1C56F345-BCE7-464B-A214-B1FE772F0175}.Debug|x86.ActiveCfg = Debug|x86
		{1C56F345-BCE7-464B-A214-B1FE772F0175}.Debug|x86.Build.0 = Debug|x86
		{1C56F345-BCE7-464B-A214-B1FE772F0175}.Release|Any CPU.ActiveCfg = Release|Any CPU
		{1C56F345-BCE7-464B-A214-B1FE772F0175}.Release|Any CPU.Build.0 = Release|Any CPU
		{1C56F345-BCE7-464B-A214-B1FE772F0175}.Release|x64.ActiveCfg = Release|x64
		{1C56F345-BCE7-464B-A214-B1FE772F0175}.Release|x64.Build.0 = Release|x64
		{1C56F345-BCE7-464B-A214-B1FE772F0175}.Release|x86.ActiveCfg = Release|x86
		{1C56F345-BCE7-464B-A214-B1FE772F0175}.Release|x86.Build.0 = Release|x86
		{7ACAB98A-9D35-4035-B537-943129C46BC9}.Debug|Any CPU.ActiveCfg = Debug|Any CPU
		{7ACAB98A-9D35-4035-B537-943129C46BC9}.Debug|Any CPU.Build.0 = Debug|Any CPU
		{7ACAB98A-9D35-4035-B537-943129C46BC9}.Debug|x64.ActiveCfg = Debug|x64
		{7ACAB98A-9D35-4035-B537-943129C46BC9}.Debug|x64.Build.0 = Debug|x64
		{7ACAB98A-9D35-4035-B537-943129C46BC9}.Debug|x86.ActiveCfg = Debug|x86
		{7ACAB98A-9D35-4035-B537-943129C46BC9}.Debug|x86.Build.0 = Debug|x86
		{7ACAB98A-9D35-4035-B537-943129C46BC9}.Release|Any CPU.ActiveCfg = Release|Any CPU
		{7ACAB98A-9D35-4035-B537-943129C46BC9}.Release|Any CPU.Build.0 = Release|Any CPU
		{7ACAB98A-9D35-4035-B537-943129C46BC9}.Release|x64.ActiveCfg = Release|x64
		{7ACAB98A-9D35-4035-B537-943129C46BC9}.Release|x64.Build.0 = Release|x64
		{7ACAB98A-9D35-4035-B537-943129C46BC9}.Release|x86.ActiveCfg = Release|Any CPU
		{7ACAB98A-9D35-4035-B537-943129C46BC9}.Release|x86.Build.0 = Release|Any CPU
	EndGlobalSection
	GlobalSection(SolutionProperties) = preSolution
		HideSolutionNode = FALSE
	EndGlobalSection
	GlobalSection(ExtensibilityGlobals) = postSolution
		SolutionGuid = {5B9F3D58-54B7-4E7B-82A4-24620B1BBED4}
	EndGlobalSection
EndGlobal
